// !$*UTF8*$!
{
	archiveVersion = 1;
	classes = {
	};
	objectVersion = 77;
	objects = {

/* Begin PBXBuildFile section */
		1AA3A212FB7C508CE832113E /* doc_tsv.icns in Resources */ = {isa = PBXBuildFile; fileRef = 5A270C4E75A17413D8D0BA29 /* doc_tsv.icns */; };
		2044893FD63A9A9FC3D0DB30 /* CSVHighlighter.swift in Sources */ = {isa = PBXBuildFile; fileRef = F9495438D00278879F7E3647 /* CSVHighlighter.swift */; };
		361A4843BD2CC4DBAF314385 /* CSVPreviewView.swift in Sources */ = {isa = PBXBuildFile; fileRef = 58BF653FB024DA55EC600539 /* CSVPreviewView.swift */; };
		4D28627F8EA1CA08259C8A42 /* ContentView.swift in Sources */ = {isa = PBXBuildFile; fileRef = DB4E28197057F87A05B2D7FB /* ContentView.swift */; };
		5C8808121C327D2F4E593BBE /* AppState.swift in Sources */ = {isa = PBXBuildFile; fileRef = 94AD788940C354971E157E3F /* AppState.swift */; };
		6B994B77ABC8CA148B0982E6 /* TinyCSVApp.swift in Sources */ = {isa = PBXBuildFile; fileRef = 0E7B5D867C5A4709F63F1DCC /* TinyCSVApp.swift */; };
		A4095C20F7ED92BB6AE4E2C4 /* AppIcon.icon in Resources */ = {isa = PBXBuildFile; fileRef = D64341115E19BB234F77083B /* AppIcon.icon */; };
		D2C0AD93F0DB429D45C0C61A /* TinyKit in Frameworks */ = {isa = PBXBuildFile; productRef = 0446FAD7958D5A018CE27055 /* TinyKit */; };
		DB588486ECD8F907651DFB5E /* Assets.xcassets in Resources */ = {isa = PBXBuildFile; fileRef = A03DDDEF7BBBC445A60D613E /* Assets.xcassets */; };
		F75EF423C9BD4427333CDEA8 /* doc_csv.icns in Resources */ = {isa = PBXBuildFile; fileRef = 55193865EF3A062BCE6B6C70 /* doc_csv.icns */; };
/* End PBXBuildFile section */

/* Begin PBXFileReference section */
		0E7B5D867C5A4709F63F1DCC /* TinyCSVApp.swift */ = {isa = PBXFileReference; lastKnownFileType = sourcecode.swift; path = TinyCSVApp.swift; sourceTree = "<group>"; };
		55193865EF3A062BCE6B6C70 /* doc_csv.icns */ = {isa = PBXFileReference; lastKnownFileType = image.icns; path = doc_csv.icns; sourceTree = "<group>"; };
		58BF653FB024DA55EC600539 /* CSVPreviewView.swift */ = {isa = PBXFileReference; lastKnownFileType = sourcecode.swift; path = CSVPreviewView.swift; sourceTree = "<group>"; };
		5A270C4E75A17413D8D0BA29 /* doc_tsv.icns */ = {isa = PBXFileReference; lastKnownFileType = image.icns; path = doc_tsv.icns; sourceTree = "<group>"; };
		916F2A18248A0D5CD6475D5C /* Info.plist */ = {isa = PBXFileReference; lastKnownFileType = text.plist; path = Info.plist; sourceTree = "<group>"; };
		94AD788940C354971E157E3F /* AppState.swift */ = {isa = PBXFileReference; lastKnownFileType = sourcecode.swift; path = AppState.swift; sourceTree = "<group>"; };
		A03DDDEF7BBBC445A60D613E /* Assets.xcassets */ = {isa = PBXFileReference; lastKnownFileType = folder.assetcatalog; path = Assets.xcassets; sourceTree = "<group>"; };
		BB5EEDCA81A866BAE6822160 /* TinyCSV.app */ = {isa = PBXFileReference; explicitFileType = wrapper.application; includeInIndex = 0; path = TinyCSV.app; sourceTree = BUILT_PRODUCTS_DIR; };
		D64341115E19BB234F77083B /* AppIcon.icon */ = {isa = PBXFileReference; lastKnownFileType = wrapper.icon; path = AppIcon.icon; sourceTree = "<group>"; };
		DB4E28197057F87A05B2D7FB /* ContentView.swift */ = {isa = PBXFileReference; lastKnownFileType = sourcecode.swift; path = ContentView.swift; sourceTree = "<group>"; };
		EA86BD47BEABF3EEA4C5681B /* TinyKit */ = {isa = PBXFileReference; lastKnownFileType = folder; name = TinyKit; path = Packages/TinyKit; sourceTree = SOURCE_ROOT; };
		F9495438D00278879F7E3647 /* CSVHighlighter.swift */ = {isa = PBXFileReference; lastKnownFileType = sourcecode.swift; path = CSVHighlighter.swift; sourceTree = "<group>"; };
/* End PBXFileReference section */

/* Begin PBXFrameworksBuildPhase section */
		AACF21267C3E4135FEF6C48E /* Frameworks */ = {
			isa = PBXFrameworksBuildPhase;
			buildActionMask = 2147483647;
			files = (
				D2C0AD93F0DB429D45C0C61A /* TinyKit in Frameworks */,
			);
			runOnlyForDeploymentPostprocessing = 0;
		};
/* End PBXFrameworksBuildPhase section */

/* Begin PBXGroup section */
		0DD11CACDB69F5078E3DB257 = {
			isa = PBXGroup;
			children = (
				63E837F5E8E44C27D634EDFB /* DocIcons */,
				DB04E94CFD217C94A2D071E3 /* Packages */,
				602B3699FD3A8C6EAAC82880 /* Resources */,
				A363DE60FD3B851DBD8D7D60 /* TinyCSV */,
				B6B20B92872A1E7CB779E4DD /* Products */,
			);
			sourceTree = "<group>";
		};
		602B3699FD3A8C6EAAC82880 /* Resources */ = {
			isa = PBXGroup;
			children = (
				D64341115E19BB234F77083B /* AppIcon.icon */,
				A03DDDEF7BBBC445A60D613E /* Assets.xcassets */,
			);
			name = Resources;
			path = Sources/TinyCSV/Resources;
			sourceTree = "<group>";
		};
		63E837F5E8E44C27D634EDFB /* DocIcons */ = {
			isa = PBXGroup;
			children = (
				55193865EF3A062BCE6B6C70 /* doc_csv.icns */,
				5A270C4E75A17413D8D0BA29 /* doc_tsv.icns */,
			);
			name = DocIcons;
			path = Sources/TinyCSV/Resources/DocIcons;
			sourceTree = "<group>";
		};
		A363DE60FD3B851DBD8D7D60 /* TinyCSV */ = {
			isa = PBXGroup;
			children = (
				94AD788940C354971E157E3F /* AppState.swift */,
				DB4E28197057F87A05B2D7FB /* ContentView.swift */,
				F9495438D00278879F7E3647 /* CSVHighlighter.swift */,
				58BF653FB024DA55EC600539 /* CSVPreviewView.swift */,
				916F2A18248A0D5CD6475D5C /* Info.plist */,
				0E7B5D867C5A4709F63F1DCC /* TinyCSVApp.swift */,
			);
			name = TinyCSV;
			path = Sources/TinyCSV;
			sourceTree = "<group>";
		};
		B6B20B92872A1E7CB779E4DD /* Products */ = {
			isa = PBXGroup;
			children = (
				BB5EEDCA81A866BAE6822160 /* TinyCSV.app */,
			);
			name = Products;
			sourceTree = "<group>";
		};
		DB04E94CFD217C94A2D071E3 /* Packages */ = {
			isa = PBXGroup;
			children = (
				EA86BD47BEABF3EEA4C5681B /* TinyKit */,
			);
			path = Packages;
			sourceTree = "<group>";
		};
/* End PBXGroup section */

/* Begin PBXNativeTarget section */
		713F39A651779582FBE5E236 /* TinyCSV */ = {
			isa = PBXNativeTarget;
			buildConfigurationList = 973AC206EA491777F01238B6 /* Build configuration list for PBXNativeTarget "TinyCSV" */;
			buildPhases = (
				E81DD693820CEF88C4E237DC /* Sources */,
				655F8D14DE6375C23967FAA0 /* Resources */,
				AACF21267C3E4135FEF6C48E /* Frameworks */,
			);
			buildRules = (
			);
			dependencies = (
			);
			name = TinyCSV;
			packageProductDependencies = (
				0446FAD7958D5A018CE27055 /* TinyKit */,
			);
			productName = TinyCSV;
			productReference = BB5EEDCA81A866BAE6822160 /* TinyCSV.app */;
			productType = "com.apple.product-type.application";
		};
/* End PBXNativeTarget section */

/* Begin PBXProject section */
		CE4680AA50BCF8A10E936510 /* Project object */ = {
			isa = PBXProject;
			attributes = {
				BuildIndependentTargetsInParallel = YES;
				LastUpgradeCheck = 1600;
				TargetAttributes = {
					713F39A651779582FBE5E236 = {
						DevelopmentTeam = 992N457T8D;
						ProvisioningStyle = Automatic;
					};
				};
			};
			buildConfigurationList = E91E8E7A072C4D73A8FCC9EA /* Build configuration list for PBXProject "TinyCSV" */;
			developmentRegion = en;
			hasScannedForEncodings = 0;
			knownRegions = (
				Base,
				en,
			);
			mainGroup = 0DD11CACDB69F5078E3DB257;
			minimizedProjectReferenceProxies = 1;
			packageReferences = (
				2F680BD819D53219C1AC95F0 /* XCLocalSwiftPackageReference "Packages/TinyKit" */,
			);
			preferredProjectObjectVersion = 77;
			productRefGroup = B6B20B92872A1E7CB779E4DD /* Products */;
			projectDirPath = "";
			projectRoot = "";
			targets = (
				713F39A651779582FBE5E236 /* TinyCSV */,
			);
		};
/* End PBXProject section */

/* Begin PBXResourcesBuildPhase section */
		655F8D14DE6375C23967FAA0 /* Resources */ = {
			isa = PBXResourcesBuildPhase;
			buildActionMask = 2147483647;
			files = (
				A4095C20F7ED92BB6AE4E2C4 /* AppIcon.icon in Resources */,
				DB588486ECD8F907651DFB5E /* Assets.xcassets in Resources */,
				F75EF423C9BD4427333CDEA8 /* doc_csv.icns in Resources */,
				1AA3A212FB7C508CE832113E /* doc_tsv.icns in Resources */,
			);
			runOnlyForDeploymentPostprocessing = 0;
		};
/* End PBXResourcesBuildPhase section */

/* Begin PBXSourcesBuildPhase section */
		E81DD693820CEF88C4E237DC /* Sources */ = {
			isa = PBXSourcesBuildPhase;
			buildActionMask = 2147483647;
			files = (
				5C8808121C327D2F4E593BBE /* AppState.swift in Sources */,
				2044893FD63A9A9FC3D0DB30 /* CSVHighlighter.swift in Sources */,
				361A4843BD2CC4DBAF314385 /* CSVPreviewView.swift in Sources */,
				4D28627F8EA1CA08259C8A42 /* ContentView.swift in Sources */,
				6B994B77ABC8CA148B0982E6 /* TinyCSVApp.swift in Sources */,
			);
			runOnlyForDeploymentPostprocessing = 0;
		};
/* End PBXSourcesBuildPhase section */

/* Begin XCBuildConfiguration section */
		2B9EA39B2202872BA75AC02E /* Debug */ = {
			isa = XCBuildConfiguration;
			buildSettings = {
				ALWAYS_SEARCH_USER_PATHS = NO;
				CLANG_ANALYZER_NONNULL = YES;
				CLANG_ANALYZER_NUMBER_OBJECT_CONVERSION = YES_AGGRESSIVE;
				CLANG_CXX_LANGUAGE_STANDARD = "gnu++14";
				CLANG_CXX_LIBRARY = "libc++";
				CLANG_ENABLE_MODULES = YES;
				CLANG_ENABLE_OBJC_ARC = YES;
				CLANG_ENABLE_OBJC_WEAK = YES;
				CLANG_WARN_BLOCK_CAPTURE_AUTORELEASING = YES;
				CLANG_WARN_BOOL_CONVERSION = YES;
				CLANG_WARN_COMMA = YES;
				CLANG_WARN_CONSTANT_CONVERSION = YES;
				CLANG_WARN_DEPRECATED_OBJC_IMPLEMENTATIONS = YES;
				CLANG_WARN_DIRECT_OBJC_ISA_USAGE = YES_ERROR;
				CLANG_WARN_DOCUMENTATION_COMMENTS = YES;
				CLANG_WARN_EMPTY_BODY = YES;
				CLANG_WARN_ENUM_CONVERSION = YES;
				CLANG_WARN_INFINITE_RECURSION = YES;
				CLANG_WARN_INT_CONVERSION = YES;
				CLANG_WARN_NON_LITERAL_NULL_CONVERSION = YES;
				CLANG_WARN_OBJC_IMPLICIT_RETAIN_SELF = YES;
				CLANG_WARN_OBJC_LITERAL_CONVERSION = YES;
				CLANG_WARN_OBJC_ROOT_CLASS = YES_ERROR;
				CLANG_WARN_QUOTED_INCLUDE_IN_FRAMEWORK_HEADER = YES;
				CLANG_WARN_RANGE_LOOP_ANALYSIS = YES;
				CLANG_WARN_STRICT_PROTOTYPES = YES;
				CLANG_WARN_SUSPICIOUS_MOVE = YES;
				CLANG_WARN_UNGUARDED_AVAILABILITY = YES_AGGRESSIVE;
				CLANG_WARN_UNREACHABLE_CODE = YES;
				CLANG_WARN__DUPLICATE_METHOD_MATCH = YES;
				COPY_PHASE_STRIP = NO;
				DEBUG_INFORMATION_FORMAT = dwarf;
				ENABLE_STRICT_OBJC_MSGSEND = YES;
				ENABLE_TESTABILITY = YES;
				GCC_C_LANGUAGE_STANDARD = gnu11;
				GCC_DYNAMIC_NO_PIC = NO;
				GCC_NO_COMMON_BLOCKS = YES;
				GCC_OPTIMIZATION_LEVEL = 0;
				GCC_PREPROCESSOR_DEFINITIONS = (
					"$(inherited)",
					"DEBUG=1",
				);
				GCC_WARN_64_TO_32_BIT_CONVERSION = YES;
				GCC_WARN_ABOUT_RETURN_TYPE = YES_ERROR;
				GCC_WARN_UNDECLARED_SELECTOR = YES;
				GCC_WARN_UNINITIALIZED_AUTOS = YES_AGGRESSIVE;
				GCC_WARN_UNUSED_FUNCTION = YES;
				GCC_WARN_UNUSED_VARIABLE = YES;
				MACOSX_DEPLOYMENT_TARGET = 15.0;
				MTL_ENABLE_DEBUG_INFO = INCLUDE_SOURCE;
				MTL_FAST_MATH = YES;
				ONLY_ACTIVE_ARCH = YES;
				PRODUCT_NAME = "$(TARGET_NAME)";
				SDKROOT = macosx;
				SWIFT_ACTIVE_COMPILATION_CONDITIONS = DEBUG;
				SWIFT_OPTIMIZATION_LEVEL = "-Onone";
				SWIFT_VERSION = 5.0;
			};
			name = Debug;
		};
		CFC367D96A8ADBAEDD1A172D /* Release */ = {
			isa = XCBuildConfiguration;
			buildSettings = {
				ASSETCATALOG_COMPILER_ALTERNATE_APPICON_NAMES = "";
				ASSETCATALOG_COMPILER_APPICON_NAME = AppIcon;
				ASSETCATALOG_COMPILER_INCLUDE_ALL_APPICON_ASSETS = YES;
				CODE_SIGN_ENTITLEMENTS = TinyCSV.entitlements;
				CODE_SIGN_IDENTITY = "Apple Development";
				CODE_SIGN_STYLE = Automatic;
				COMBINE_HIDPI_IMAGES = YES;
				CURRENT_PROJECT_VERSION = 4;
				DEVELOPMENT_TEAM = 992N457T8D;
				ENABLE_HARDENED_RUNTIME = YES;
				INFOPLIST_FILE = Sources/TinyCSV/Info.plist;
				INFOPLIST_KEY_LSApplicationCategoryType = "public.app-category.productivity";
				INFOPLIST_KEY_NSHumanReadableCopyright = "";
				INSTALL_PATH = /Applications;
				LD_RUNPATH_SEARCH_PATHS = (
					"$(inherited)",
					"@executable_path/../Frameworks",
				);
				MACOSX_DEPLOYMENT_TARGET = 15.0;
				MARKETING_VERSION = 1.4.0;
				PRODUCT_BUNDLE_IDENTIFIER = com.tinycsv.app;
				PRODUCT_NAME = TinyCSV;
				SDKROOT = macosx;
				SKIP_INSTALL = NO;
				SWIFT_VERSION = 5.9;
			};
			name = Release;
		};
		F3FC9000E47A3E2B6991A459 /* Debug */ = {
			isa = XCBuildConfiguration;
			buildSettings = {
				ASSETCATALOG_COMPILER_ALTERNATE_APPICON_NAMES = "";
				ASSETCATALOG_COMPILER_APPICON_NAME = AppIcon;
				ASSETCATALOG_COMPILER_INCLUDE_ALL_APPICON_ASSETS = YES;
				CODE_SIGN_ENTITLEMENTS = TinyCSV.entitlements;
				CODE_SIGN_IDENTITY = "Apple Development";
				CODE_SIGN_STYLE = Automatic;
				COMBINE_HIDPI_IMAGES = YES;
				CURRENT_PROJECT_VERSION = 4;
				DEVELOPMENT_TEAM = 992N457T8D;
				ENABLE_HARDENED_RUNTIME = YES;
				INFOPLIST_FILE = Sources/TinyCSV/Info.plist;
				INFOPLIST_KEY_LSApplicationCategoryType = "public.app-category.productivity";
				INFOPLIST_KEY_NSHumanReadableCopyright = "";
				INSTALL_PATH = /Applications;
				LD_RUNPATH_SEARCH_PATHS = (
					"$(inherited)",
					"@executable_path/../Frameworks",
				);
				MACOSX_DEPLOYMENT_TARGET = 15.0;
				MARKETING_VERSION = 1.4.0;
				PRODUCT_BUNDLE_IDENTIFIER = com.tinycsv.app;
				PRODUCT_NAME = TinyCSV;
				SDKROOT = macosx;
				SKIP_INSTALL = NO;
				SWIFT_VERSION = 5.9;
			};
			name = Debug;
		};
		F8D4ACF52F71EE0E5A81BB06 /* Release */ = {
			isa = XCBuildConfiguration;
			buildSettings = {
				ALWAYS_SEARCH_USER_PATHS = NO;
				CLANG_ANALYZER_NONNULL = YES;
				CLANG_ANALYZER_NUMBER_OBJECT_CONVERSION = YES_AGGRESSIVE;
				CLANG_CXX_LANGUAGE_STANDARD = "gnu++14";
				CLANG_CXX_LIBRARY = "libc++";
				CLANG_ENABLE_MODULES = YES;
				CLANG_ENABLE_OBJC_ARC = YES;
				CLANG_ENABLE_OBJC_WEAK = YES;
				CLANG_WARN_BLOCK_CAPTURE_AUTORELEASING = YES;
				CLANG_WARN_BOOL_CONVERSION = YES;
				CLANG_WARN_COMMA = YES;
				CLANG_WARN_CONSTANT_CONVERSION = YES;
				CLANG_WARN_DEPRECATED_OBJC_IMPLEMENTATIONS = YES;
				CLANG_WARN_DIRECT_OBJC_ISA_USAGE = YES_ERROR;
				CLANG_WARN_DOCUMENTATION_COMMENTS = YES;
				CLANG_WARN_EMPTY_BODY = YES;
				CLANG_WARN_ENUM_CONVERSION = YES;
				CLANG_WARN_INFINITE_RECURSION = YES;
				CLANG_WARN_INT_CONVERSION = YES;
				CLANG_WARN_NON_LITERAL_NULL_CONVERSION = YES;
				CLANG_WARN_OBJC_IMPLICIT_RETAIN_SELF = YES;
				CLANG_WARN_OBJC_LITERAL_CONVERSION = YES;
				CLANG_WARN_OBJC_ROOT_CLASS = YES_ERROR;
				CLANG_WARN_QUOTED_INCLUDE_IN_FRAMEWORK_HEADER = YES;
				CLANG_WARN_RANGE_LOOP_ANALYSIS = YES;
				CLANG_WARN_STRICT_PROTOTYPES = YES;
				CLANG_WARN_SUSPICIOUS_MOVE = YES;
				CLANG_WARN_UNGUARDED_AVAILABILITY = YES_AGGRESSIVE;
				CLANG_WARN_UNREACHABLE_CODE = YES;
				CLANG_WARN__DUPLICATE_METHOD_MATCH = YES;
				COPY_PHASE_STRIP = NO;
				DEBUG_INFORMATION_FORMAT = "dwarf-with-dsym";
				ENABLE_NS_ASSERTIONS = NO;
				ENABLE_STRICT_OBJC_MSGSEND = YES;
				GCC_C_LANGUAGE_STANDARD = gnu11;
				GCC_NO_COMMON_BLOCKS = YES;
				GCC_WARN_64_TO_32_BIT_CONVERSION = YES;
				GCC_WARN_ABOUT_RETURN_TYPE = YES_ERROR;
				GCC_WARN_UNDECLARED_SELECTOR = YES;
				GCC_WARN_UNINITIALIZED_AUTOS = YES_AGGRESSIVE;
				GCC_WARN_UNUSED_FUNCTION = YES;
				GCC_WARN_UNUSED_VARIABLE = YES;
				MACOSX_DEPLOYMENT_TARGET = 15.0;
				MTL_ENABLE_DEBUG_INFO = NO;
				MTL_FAST_MATH = YES;
				PRODUCT_NAME = "$(TARGET_NAME)";
				SDKROOT = macosx;
				SWIFT_COMPILATION_MODE = wholemodule;
				SWIFT_OPTIMIZATION_LEVEL = "-O";
				SWIFT_VERSION = 5.0;
			};
			name = Release;
		};
/* End XCBuildConfiguration section */

/* Begin XCConfigurationList section */
		973AC206EA491777F01238B6 /* Build configuration list for PBXNativeTarget "TinyCSV" */ = {
			isa = XCConfigurationList;
			buildConfigurations = (
				F3FC9000E47A3E2B6991A459 /* Debug */,
				CFC367D96A8ADBAEDD1A172D /* Release */,
			);
			defaultConfigurationIsVisible = 0;
			defaultConfigurationName = Debug;
		};
		E91E8E7A072C4D73A8FCC9EA /* Build configuration list for PBXProject "TinyCSV" */ = {
			isa = XCConfigurationList;
			buildConfigurations = (
				2B9EA39B2202872BA75AC02E /* Debug */,
				F8D4ACF52F71EE0E5A81BB06 /* Release */,
			);
			defaultConfigurationIsVisible = 0;
			defaultConfigurationName = Debug;
		};
/* End XCConfigurationList section */

/* Begin XCLocalSwiftPackageReference section */
		2F680BD819D53219C1AC95F0 /* XCLocalSwiftPackageReference "Packages/TinyKit" */ = {
			isa = XCLocalSwiftPackageReference;
			relativePath = Packages/TinyKit;
		};
/* End XCLocalSwiftPackageReference section */

/* Begin XCSwiftPackageProductDependency section */
		0446FAD7958D5A018CE27055 /* TinyKit */ = {
			isa = XCSwiftPackageProductDependency;
			productName = TinyKit;
		};
/* End XCSwiftPackageProductDependency section */
	};
	rootObject = CE4680AA50BCF8A10E936510 /* Project object */;
}
